
Microsoft Visual Studio Solution File, Format Version 12.00
# Visual Studio 2017
Project("{FAE04EC0-301F-11D3-BF4B-00C04F79EFBC}") = "ObjectViewer", "ObjectViewer.csproj", "{A967413C-6081-E8AB-906D-F2DBAE3E0DCC}"
EndProject
Project("{FAE04EC0-301F-11D3-BF4B-00C04F79EFBC}") = "ObjectViewer.Editor", "ObjectViewer.Editor.csproj", "{B202D079-5EC7-4B21-CCB8-5D546A663572}"
EndProject
Global
	GlobalSection(SolutionConfigurationPlatforms) = preSolution
		Debug|Any CPU = Debug|Any CPU
		Release|Any CPU = Release|Any CPU
	EndGlobalSection
	GlobalSection(ProjectConfigurationPlatforms) = postSolution
		{A967413C-6081-E8AB-906D-F2DBAE3E0DCC}.Debug|Any CPU.ActiveCfg = Debug|Any CPU
		{A967413C-6081-E8AB-906D-F2DBAE3E0DCC}.Debug|Any CPU.Build.0 = Debug|Any CPU
		{A967413C-6081-E8AB-906D-F2DBAE3E0DCC}.Release|Any CPU.ActiveCfg = Release|Any CPU
		{A967413C-6081-E8AB-906D-F2DBAE3E0DCC}.Release|Any CPU.Build.0 = Release|Any CPU
		{B202D079-5EC7-4B21-CCB8-5D546A663572}.Debug|Any CPU.ActiveCfg = Debug|Any CPU
		{B202D079-5EC7-4B21-CCB8-5D546A663572}.Debug|Any CPU.Build.0 = Debug|Any CPU
		{B202D079-5EC7-4B21-CCB8-5D546A663572}.Release|Any CPU.ActiveCfg = Release|Any CPU
		{B202D079-5EC7-4B21-CCB8-5D546A663572}.Release|Any CPU.Build.0 = Release|Any CPU
	EndGlobalSection
	GlobalSection(SolutionProperties) = preSolution
		HideSolutionNode = FALSE
	EndGlobalSection
EndGlobal
